
Microsoft Visual Studio Solution File, Format Version 12.00
# Visual Studio Version 17
VisualStudioVersion = 17.2.32210.308
MinimumVisualStudioVersion = 10.0.40219.1
Project("{FAE04EC0-301F-11D3-BF4B-00C04F79EFBC}") = "Calendar", "Calendar\Calendar.csproj", "{00DCAED1-B7A3-488E-9A42-4EE1DCC13E36}"
EndProject
Global
	GlobalSection(SolutionConfigurationPlatforms) = preSolution
		Debug|Any CPU = Debug|Any CPU
		Release|Any CPU = Release|Any CPU
	EndGlobalSection
	GlobalSection(ProjectConfigurationPlatforms) = postSolution
		{00DCAED1-B7A3-488E-9A42-4EE1DCC13E36}.Debug|Any CPU.ActiveCfg = Debug|Any CPU
		{00DCAED1-B7A3-488E-9A42-4EE1DCC13E36}.Debug|Any CPU.Build.0 = Debug|Any CPU
		{00DCAED1-B7A3-488E-9A42-4EE1DCC13E36}.Release|Any CPU.ActiveCfg = Release|Any CPU
		{00DCAED1-B7A3-488E-9A42-4EE1DCC13E36}.Release|Any CPU.Build.0 = Release|Any CPU
	EndGlobalSection
	GlobalSection(SolutionProperties) = preSolution
		HideSolutionNode = FALSE
	EndGlobalSection
	GlobalSection(ExtensibilityGlobals) = postSolution
		SolutionGuid = {B878546E-C2AD-4968-9C45-4EE28D7D52D2}
	EndGlobalSection
EndGlobal
